
Microsoft Visual Studio Solution File, Format Version 12.00
Project("{FAE04EC0-301F-11D3-BF4B-00C04F79EFBC}") = "RatingTracker.Api", "RatingTracker.Api\RatingTracker.Api.csproj", "{BE4AFCA2-6770-4342-B9E1-B0CE35D3A25E}"
EndProject
Project("{FAE04EC0-301F-11D3-BF4B-00C04F79EFBC}") = "RatingTracker.Domain", "RatingTracker.Domain\RatingTracker.Domain.csproj", "{32D8C09D-13E7-4E09-B579-9C77BA9E12D8}"
EndProject
Project("{FAE04EC0-301F-11D3-BF4B-00C04F79EFBC}") = "RatingTracker.Persistence", "RatingTracker.Persistence\RatingTracker.Persistence.csproj", "{B00B9531-4AB2-42B3-96DA-00068520BACC}"
EndProject
Project("{FAE04EC0-301F-11D3-BF4B-00C04F79EFBC}") = "RatingTracker.Infrastructure", "RatingTracker.Infrastructure\RatingTracker.Infrastructure.csproj", "{A89233FF-A0E1-44A5-B3E9-38FE48E200E1}"
EndProject
Project("{FAE04EC0-301F-11D3-BF4B-00C04F79EFBC}") = "RatingTracker.Application", "RatingTracker.Application\RatingTracker.Application.csproj", "{7A7FE50D-B0F6-46AB-9DC3-2D58BB165128}"
EndProject
Project("{2150E333-8FDC-42A3-9474-1A3956D46DE8}") = "src", "src", "{86EDE921-DF04-4FBE-912F-379AA5458348}"
EndProject
Project("{2150E333-8FDC-42A3-9474-1A3956D46DE8}") = "tests", "tests", "{E61A1C57-1385-49A9-A8C9-19D15171153E}"
EndProject
Project("{FAE04EC0-301F-11D3-BF4B-00C04F79EFBC}") = "RatingTracker.UnitTests", "..\tests\RatingTracker.UnitTests\RatingTracker.UnitTests.csproj", "{9A5F2F5F-84A0-4469-A82B-03C8F33BD429}"
EndProject
Global
	GlobalSection(SolutionConfigurationPlatforms) = preSolution
		Debug|Any CPU = Debug|Any CPU
		Release|Any CPU = Release|Any CPU
	EndGlobalSection
	GlobalSection(ProjectConfigurationPlatforms) = postSolution
		{BE4AFCA2-6770-4342-B9E1-B0CE35D3A25E}.Debug|Any CPU.ActiveCfg = Debug|Any CPU
		{BE4AFCA2-6770-4342-B9E1-B0CE35D3A25E}.Debug|Any CPU.Build.0 = Debug|Any CPU
		{BE4AFCA2-6770-4342-B9E1-B0CE35D3A25E}.Release|Any CPU.ActiveCfg = Release|Any CPU
		{BE4AFCA2-6770-4342-B9E1-B0CE35D3A25E}.Release|Any CPU.Build.0 = Release|Any CPU
		{32D8C09D-13E7-4E09-B579-9C77BA9E12D8}.Debug|Any CPU.ActiveCfg = Debug|Any CPU
		{32D8C09D-13E7-4E09-B579-9C77BA9E12D8}.Debug|Any CPU.Build.0 = Debug|Any CPU
		{32D8C09D-13E7-4E09-B579-9C77BA9E12D8}.Release|Any CPU.ActiveCfg = Release|Any CPU
		{32D8C09D-13E7-4E09-B579-9C77BA9E12D8}.Release|Any CPU.Build.0 = Release|Any CPU
		{B00B9531-4AB2-42B3-96DA-00068520BACC}.Debug|Any CPU.ActiveCfg = Debug|Any CPU
		{B00B9531-4AB2-42B3-96DA-00068520BACC}.Debug|Any CPU.Build.0 = Debug|Any CPU
		{B00B9531-4AB2-42B3-96DA-00068520BACC}.Release|Any CPU.ActiveCfg = Release|Any CPU
		{B00B9531-4AB2-42B3-96DA-00068520BACC}.Release|Any CPU.Build.0 = Release|Any CPU
		{A89233FF-A0E1-44A5-B3E9-38FE48E200E1}.Debug|Any CPU.ActiveCfg = Debug|Any CPU
		{A89233FF-A0E1-44A5-B3E9-38FE48E200E1}.Debug|Any CPU.Build.0 = Debug|Any CPU
		{A89233FF-A0E1-44A5-B3E9-38FE48E200E1}.Release|Any CPU.ActiveCfg = Release|Any CPU
		{A89233FF-A0E1-44A5-B3E9-38FE48E200E1}.Release|Any CPU.Build.0 = Release|Any CPU
		{7A7FE50D-B0F6-46AB-9DC3-2D58BB165128}.Debug|Any CPU.ActiveCfg = Debug|Any CPU
		{7A7FE50D-B0F6-46AB-9DC3-2D58BB165128}.Debug|Any CPU.Build.0 = Debug|Any CPU
		{7A7FE50D-B0F6-46AB-9DC3-2D58BB165128}.Release|Any CPU.ActiveCfg = Release|Any CPU
		{7A7FE50D-B0F6-46AB-9DC3-2D58BB165128}.Release|Any CPU.Build.0 = Release|Any CPU
		{9A5F2F5F-84A0-4469-A82B-03C8F33BD429}.Debug|Any CPU.ActiveCfg = Debug|Any CPU
		{9A5F2F5F-84A0-4469-A82B-03C8F33BD429}.Debug|Any CPU.Build.0 = Debug|Any CPU
		{9A5F2F5F-84A0-4469-A82B-03C8F33BD429}.Release|Any CPU.ActiveCfg = Release|Any CPU
		{9A5F2F5F-84A0-4469-A82B-03C8F33BD429}.Release|Any CPU.Build.0 = Release|Any CPU
	EndGlobalSection
	GlobalSection(NestedProjects) = preSolution
		{BE4AFCA2-6770-4342-B9E1-B0CE35D3A25E} = {86EDE921-DF04-4FBE-912F-379AA5458348}
		{7A7FE50D-B0F6-46AB-9DC3-2D58BB165128} = {86EDE921-DF04-4FBE-912F-379AA5458348}
		{32D8C09D-13E7-4E09-B579-9C77BA9E12D8} = {86EDE921-DF04-4FBE-912F-379AA5458348}
		{A89233FF-A0E1-44A5-B3E9-38FE48E200E1} = {86EDE921-DF04-4FBE-912F-379AA5458348}
		{B00B9531-4AB2-42B3-96DA-00068520BACC} = {86EDE921-DF04-4FBE-912F-379AA5458348}
		{9A5F2F5F-84A0-4469-A82B-03C8F33BD429} = {E61A1C57-1385-49A9-A8C9-19D15171153E}
	EndGlobalSection
EndGlobal
